
Microsoft Visual Studio Solution File, Format Version 12.00
# Visual Studio Version 16
VisualStudioVersion = 16.0.30503.244
MinimumVisualStudioVersion = 10.0.40219.1
Project("{FAE04EC0-301F-11D3-BF4B-00C04F79EFBC}") = "практика", "практика\практика.csproj", "{7362F259-7DC1-4A6B-9A2E-137BA44FA207}"
EndProject
Global
	GlobalSection(SolutionConfigurationPlatforms) = preSolution
		Debug|Any CPU = Debug|Any CPU
		Release|Any CPU = Release|Any CPU
	EndGlobalSection
	GlobalSection(ProjectConfigurationPlatforms) = postSolution
		{7362F259-7DC1-4A6B-9A2E-137BA44FA207}.Debug|Any CPU.ActiveCfg = Debug|Any CPU
		{7362F259-7DC1-4A6B-9A2E-137BA44FA207}.Debug|Any CPU.Build.0 = Debug|Any CPU
		{7362F259-7DC1-4A6B-9A2E-137BA44FA207}.Release|Any CPU.ActiveCfg = Release|Any CPU
		{7362F259-7DC1-4A6B-9A2E-137BA44FA207}.Release|Any CPU.Build.0 = Release|Any CPU
	EndGlobalSection
	GlobalSection(SolutionProperties) = preSolution
		HideSolutionNode = FALSE
	EndGlobalSection
	GlobalSection(ExtensibilityGlobals) = postSolution
		SolutionGuid = {99DB847E-7B18-4D65-9089-4B66EB0B6114}
	EndGlobalSection
EndGlobal
